{
  "version": 4,
  "terraform_version": "1.7.2",
  "serial": 5,
  "lineage": "9fbc5a00-ab9a-1cf6-fc54-d03061b60cfd",
  "outputs": {},
  "resources": [
    {
      "mode": "managed",
      "type": "junos-vsrx_commit",
      "name": "commit-main",
      "provider": "provider[\"juniper/providers/junos-vsrx\"]",
      "instances": [
        {
          "schema_version": 0,
          "attributes": {
            "id": "100.123.12.0_commit",
            "resource_name": "commit"
          },
          "sensitive_attributes": [],
          "private": "bnVsbA==",
          "dependencies": [
            "junos-vsrx_destroycommit.commit-main",
            "module.vsrx_1.junos-vsrx_InterfacesInterfaceDescription.vsrx_1",
            "module.vsrx_1.junos-vsrx_InterfacesInterfaceUnitFamilyInetAddressName.vsrx_2"
          ]
        }
      ]
    },
    {
      "mode": "managed",
      "type": "junos-vsrx_destroycommit",
      "name": "commit-main",
      "provider": "provider[\"juniper/providers/junos-vsrx\"]",
      "instances": [
        {
          "schema_version": 0,
          "attributes": {
            "id": "100.123.12.0_destroycommit",
            "resource_name": "destroycommit"
          },
          "sensitive_attributes": [],
          "private": "bnVsbA=="
        }
      ]
    },
    {
      "module": "module.vsrx_1",
      "mode": "managed",
      "type": "junos-vsrx_InterfacesInterfaceDescription",
      "name": "vsrx_1",
      "provider": "provider[\"juniper/providers/junos-vsrx\"]",
      "instances": [
        {
          "schema_version": 0,
          "attributes": {
            "description": "Test description",
            "id": "100.123.12.0_vsrx_1",
            "name": "ge-0/0/0",
            "resource_name": "vsrx_1"
          },
          "sensitive_attributes": [],
          "private": "bnVsbA==",
          "dependencies": [
            "junos-vsrx_destroycommit.commit-main"
          ]
        }
      ]
    },
    {
      "module": "module.vsrx_1",
      "mode": "managed",
      "type": "junos-vsrx_InterfacesInterfaceUnitFamilyInetAddressName",
      "name": "vsrx_2",
      "provider": "provider[\"juniper/providers/junos-vsrx\"]",
      "instances": [
        {
          "schema_version": 0,
          "attributes": {
            "id": "100.123.12.0_vsrx_2",
            "name": "ge-0/0/0",
            "name__1": "0",
            "name__2": "10.0.0.1/24",
            "resource_name": "vsrx_2"
          },
          "sensitive_attributes": [],
          "private": "bnVsbA==",
          "dependencies": [
            "junos-vsrx_destroycommit.commit-main"
          ]
        }
      ]
    }
  ],
  "check_results": null
}
